{
  "nodes": {
    "nixpkgs": {
      "locked": {
        "lastModified": 1709992847,
        "narHash": "sha256-bC7/jYsaYXQ2Ni/WIz+MDUMZEoNGiz3m1NACq/WHWp8=",
        "owner": "nixos",
        "repo": "nixpkgs",
        "rev": "9289a0678efadcd95fae82ea8c82318d3a86694a",
        "type": "github"
      },
      "original": {
        "owner": "nixos",
        "repo": "nixpkgs",
        "type": "github"
      }
    },
    "root": {
      "inputs": {
        "nixpkgs": "nixpkgs"
      }
    }
  },
  "root": "root",
  "version": 7
}
